<?xml version="1.0" encoding="utf-8"?>
<Project ToolsVersion="4.0" xmlns="http://schemas.microsoft.com/developer/msbuild/2003">
  <ItemGroup>
    <FxCompile Include="Graphics\Shader\DirectXTestPixelShader.hlsl">
      <Filter>Shader</Filter>
    </FxCompile>
    <FxCompile Include="Graphics\Shader\DirectXTestPixelShaderSolid.hlsl">
      <Filter>Shader</Filter>
    </FxCompile>
    <FxCompile Include="Graphics\Shader\DirectXTestVertexShader.hlsl">
      <Filter>Shader</Filter>
    </FxCompile>
  </ItemGroup>
  <ItemGroup>
    <ClCompile Include="EngineMain.cpp" />
    <ClCompile Include="Core\Private\Memory\Allocator.cpp">
      <Filter>Source Files\Core\Memory</Filter>
    </ClCompile>
    <ClCompile Include="Graphics\Private\Renderer\CaveApplication.cpp">
      <Filter>Source Files\Graphics\Renderer</Filter>
    </ClCompile>
    <ClCompile Include="Graphics\Private\Renderer\CaveNode.cpp">
      <Filter>Source Files\Graphics\Renderer</Filter>
    </ClCompile>
    <ClCompile Include="Graphics\Private\Renderer\CaveRenderer.cpp">
      <Filter>Source Files\Graphics\Renderer</Filter>
    </ClCompile>
    <ClCompile Include="Core\Private\Debug\Log.cpp">
      <Filter>Source Files\Core\Debug</Filter>
    </ClCompile>
    <ClCompile Include="Core\Private\Debug\Log.ixx">
      <Filter>Source Files\Core\Debug</Filter>
    </ClCompile>
    <ClCompile Include="Graphics\Private\Renderer\Renderer.ixx">
      <Filter>Source Files\Graphics\Renderer</Filter>
    </ClCompile>
    <ClCompile Include="Core\Private\Memory\Memory.cpp">
      <Filter>Source Files\Core\Memory</Filter>
    </ClCompile>
    <ClCompile Include="Graphics\Private\Device\DeviceResources.cpp">
      <Filter>Source Files\Graphics\Device</Filter>
    </ClCompile>
    <ClCompile Include="Graphics\Private\Device\UnixDeviceResources.cpp">
      <Filter>Source Files\Graphics\Device</Filter>
    </ClCompile>
    <ClCompile Include="Graphics\Private\Device\WindowsDeviceResources.cpp">
      <Filter>Source Files\Graphics\Device</Filter>
    </ClCompile>
    <ClCompile Include="Graphics\Private\Renderer\GenericRenderer.cpp">
      <Filter>Source Files\Graphics\Renderer</Filter>
    </ClCompile>
    <ClCompile Include="Graphics\Private\Renderer\UnixRenderer.cpp">
      <Filter>Source Files\Graphics\Renderer</Filter>
    </ClCompile>
    <ClCompile Include="Graphics\Private\Renderer\WindowsRenderer.cpp">
      <Filter>Source Files\Graphics\Renderer</Filter>
    </ClCompile>
    <ClCompile Include="Engine\Private\GenericEngine.cpp">
      <Filter>Source Files\Engine</Filter>
    </ClCompile>
    <ClCompile Include="Engine\Private\UnixEngine.cpp">
      <Filter>Source Files\Engine</Filter>
    </ClCompile>
    <ClCompile Include="Engine\Private\WindowsEngine.cpp">
      <Filter>Source Files\Engine</Filter>
    </ClCompile>
    <ClCompile Include="ResourceManager\Private\Texture\DdsTextureLoader.ixx">
      <Filter>Source Files\ResourceManager\Texture</Filter>
    </ClCompile>
    <ClCompile Include="Graphics\Private\Device\GenericWindow.cpp">
      <Filter>Source Files\Graphics\Device</Filter>
    </ClCompile>
    <ClCompile Include="Graphics\Private\Device\UnixWindow.cpp">
      <Filter>Source Files\Graphics\Device</Filter>
    </ClCompile>
    <ClCompile Include="Graphics\Private\Device\WindowsWindow.cpp">
      <Filter>Source Files\Graphics\Device</Filter>
    </ClCompile>
    <ClCompile Include="Graphics\Private\Object\GenericDrawableObject.cpp">
      <Filter>Source Files\Graphics\Object</Filter>
    </ClCompile>
    <ClCompile Include="Graphics\Private\Object\UnixDrawableObject.cpp">
      <Filter>Source Files\Graphics\Object</Filter>
    </ClCompile>
    <ClCompile Include="Graphics\Private\Object\Vertex.cpp">
      <Filter>Source Files\Graphics\Object</Filter>
    </ClCompile>
    <ClCompile Include="Graphics\Private\Object\WindowsDrawableObject.cpp">
      <Filter>Source Files\Graphics\Object</Filter>
    </ClCompile>
    <ClCompile Include="Graphics\Private\Shader\GenericShader.cpp">
      <Filter>Source Files\Graphics\Shader</Filter>
    </ClCompile>
    <ClCompile Include="Graphics\Private\Shader\UnixShader.cpp">
      <Filter>Source Files\Graphics\Shader</Filter>
    </ClCompile>
    <ClCompile Include="Graphics\Private\Shader\WindowsShader.cpp">
      <Filter>Source Files\Graphics\Shader</Filter>
    </ClCompile>
  </ItemGroup>
  <ItemGroup>
    <ClInclude Include="Graphics\Public\Test\Resource.h" />
    <ClInclude Include="Core\Public\Memory\Allocator.h">
      <Filter>Header Files\Core\Memory</Filter>
    </ClInclude>
    <ClInclude Include="Core\Public\Memory\Memory.h">
      <Filter>Header Files\Core\Memory</Filter>
    </ClInclude>
    <ClInclude Include="Core\Public\Memory\MemoryPool.h">
      <Filter>Header Files\Core\Memory</Filter>
    </ClInclude>
    <ClInclude Include="Core\Public\Containers\Array.h">
      <Filter>Header Files\Core\Containers</Filter>
    </ClInclude>
    <ClInclude Include="Graphics\Public\Renderer\CaveApplication.h">
      <Filter>Header Files\Graphics\Renderer</Filter>
    </ClInclude>
    <ClInclude Include="Graphics\Public\Renderer\CaveNode.h">
      <Filter>Header Files\Graphics\Renderer</Filter>
    </ClInclude>
    <ClInclude Include="Graphics\Public\Renderer\CaveRenderer.h">
      <Filter>Header Files\Graphics\Renderer</Filter>
    </ClInclude>
    <ClInclude Include="Core\Public\Containers\ContainersFwd.h">
      <Filter>Header Files\Core\Containers</Filter>
    </ClInclude>
    <ClInclude Include="Core\Public\Core.h">
      <Filter>Header Files\Core</Filter>
    </ClInclude>
    <ClInclude Include="Core\Public\CoreFwd.h">
      <Filter>Header Files\Core</Filter>
    </ClInclude>
    <ClInclude Include="Core\Public\CoreMinimal.h">
      <Filter>Header Files\Core</Filter>
    </ClInclude>
    <ClInclude Include="Core\Public\CoreTypes.h">
      <Filter>Header Files\Core</Filter>
    </ClInclude>
    <ClInclude Include="Graphics\Public\Graphics.h">
      <Filter>Header Files\Graphics</Filter>
    </ClInclude>
    <ClInclude Include="Graphics\Public\GraphicsCommon.h">
      <Filter>Header Files\Graphics</Filter>
    </ClInclude>
    <ClInclude Include="Graphics\Public\Renderer\GenericRenderer.h">
      <Filter>Header Files\Graphics\Renderer</Filter>
    </ClInclude>
    <ClInclude Include="Graphics\Public\Renderer\Renderer.h">
      <Filter>Header Files\Graphics\Renderer</Filter>
    </ClInclude>
    <ClInclude Include="Graphics\Public\Renderer\UnixRenderer.h">
      <Filter>Header Files\Graphics\Renderer</Filter>
    </ClInclude>
    <ClInclude Include="Graphics\Public\Renderer\WindowsRenderer.h">
      <Filter>Header Files\Graphics\Renderer</Filter>
    </ClInclude>
    <ClInclude Include="Graphics\Public\Device\DeviceResources.h">
      <Filter>Header Files\Graphics\Device</Filter>
    </ClInclude>
    <ClInclude Include="Graphics\Public\Device\GenericDeviceResources.h">
      <Filter>Header Files\Graphics\Device</Filter>
    </ClInclude>
    <ClInclude Include="Graphics\Public\Device\UnixDeviceResources.h">
      <Filter>Header Files\Graphics\Device</Filter>
    </ClInclude>
    <ClInclude Include="Graphics\Public\Device\WindowsDeviceResources.h">
      <Filter>Header Files\Graphics\Device</Filter>
    </ClInclude>
    <ClInclude Include="Graphics\Public\GraphicsApiPch.h">
      <Filter>Header Files\Graphics</Filter>
    </ClInclude>
    <ClInclude Include="Engine\Public\Engine.h">
      <Filter>Header Files\Engine</Filter>
    </ClInclude>
    <ClInclude Include="Engine\Public\GenericEngine.h">
      <Filter>Header Files\Engine</Filter>
    </ClInclude>
    <ClInclude Include="Engine\Public\UnixEngine.h">
      <Filter>Header Files\Engine</Filter>
    </ClInclude>
    <ClInclude Include="Engine\Public\WindowsEngine.h">
      <Filter>Header Files\Engine</Filter>
    </ClInclude>
    <ClInclude Include="Core\Public\Debug\Log.h">
      <Filter>Header Files\Core\Debug</Filter>
    </ClInclude>
    <ClInclude Include="Graphics\Public\Device\GenericWindow.h">
      <Filter>Header Files\Graphics\Device</Filter>
    </ClInclude>
    <ClInclude Include="Graphics\Public\Device\UnixWindow.h">
      <Filter>Header Files\Graphics\Device</Filter>
    </ClInclude>
    <ClInclude Include="Graphics\Public\Device\Window.h">
      <Filter>Header Files\Graphics\Device</Filter>
    </ClInclude>
    <ClInclude Include="Graphics\Public\Device\WindowsWindow.h">
      <Filter>Header Files\Graphics\Device</Filter>
    </ClInclude>
    <ClInclude Include="Graphics\Public\Shader\GenericShader.h">
      <Filter>Header Files\Graphics\Shader</Filter>
    </ClInclude>
    <ClInclude Include="Graphics\Public\Shader\Shader.h">
      <Filter>Header Files\Graphics\Shader</Filter>
    </ClInclude>
    <ClInclude Include="Graphics\Public\Shader\UnixShader.h">
      <Filter>Header Files\Graphics\Shader</Filter>
    </ClInclude>
    <ClInclude Include="Graphics\Public\Object\DrawableObject.h">
      <Filter>Header Files\Graphics\Object</Filter>
    </ClInclude>
    <ClInclude Include="Graphics\Public\Object\GenericDrawableObject.h">
      <Filter>Header Files\Graphics\Object</Filter>
    </ClInclude>
    <ClInclude Include="Graphics\Public\Object\UnixDrawableObject.h">
      <Filter>Header Files\Graphics\Object</Filter>
    </ClInclude>
    <ClInclude Include="Graphics\Public\Object\Vertex.h">
      <Filter>Header Files\Graphics\Object</Filter>
    </ClInclude>
    <ClInclude Include="Graphics\Public\Object\WindowsDrawableObject.h">
      <Filter>Header Files\Graphics\Object</Filter>
    </ClInclude>
    <ClInclude Include="Graphics\Public\Shader\WindowsShader.h">
      <Filter>Header Files\Graphics\Shader</Filter>
    </ClInclude>
  </ItemGroup>
  <ItemGroup>
    <Image Include="Graphics\Resource\directx.ico">
      <Filter>Resource Files</Filter>
    </Image>
    <Image Include="Graphics\Resource\seafloor.dds">
      <Filter>Resource Files</Filter>
    </Image>
  </ItemGroup>
  <ItemGroup>
    <Filter Include="Header Files">
      <UniqueIdentifier>{46a95d2c-89f3-46f3-9ab9-70a016aa649a}</UniqueIdentifier>
    </Filter>
    <Filter Include="Source Files">
      <UniqueIdentifier>{24b754ef-fb73-4f0a-8493-4b058379434e}</UniqueIdentifier>
    </Filter>
    <Filter Include="Shader">
      <UniqueIdentifier>{60a16105-ab69-42bf-88ad-90eb7b2b8249}</UniqueIdentifier>
    </Filter>
    <Filter Include="Resource Files">
      <UniqueIdentifier>{a9a4e727-ee9c-4633-b2e3-fe44ccf82320}</UniqueIdentifier>
    </Filter>
    <Filter Include="Header Files\Core">
      <UniqueIdentifier>{03f6801d-5458-4537-b185-99a8e33fd856}</UniqueIdentifier>
    </Filter>
    <Filter Include="Header Files\Core\Memory">
      <UniqueIdentifier>{82b23163-1e4a-4033-9c83-a6f6a32ea237}</UniqueIdentifier>
    </Filter>
    <Filter Include="Source Files\Core">
      <UniqueIdentifier>{4dd6cf74-370c-4523-bffb-665283ea7f36}</UniqueIdentifier>
    </Filter>
    <Filter Include="Source Files\Core\Memory">
      <UniqueIdentifier>{4b279c87-9271-4950-b637-cb086df10dec}</UniqueIdentifier>
    </Filter>
    <Filter Include="Header Files\Core\Containers">
      <UniqueIdentifier>{df235bc8-2608-4ff5-827d-bc4149d78f3f}</UniqueIdentifier>
    </Filter>
    <Filter Include="Header Files\Graphics">
      <UniqueIdentifier>{044d56bb-db60-420b-9811-d55e8c3244ec}</UniqueIdentifier>
    </Filter>
    <Filter Include="Header Files\Graphics\Renderer">
      <UniqueIdentifier>{bc5231d5-224d-430d-b2ad-493854c3c516}</UniqueIdentifier>
    </Filter>
    <Filter Include="Source Files\Graphics">
      <UniqueIdentifier>{45edc3fc-1af9-4451-9554-438fc2fee190}</UniqueIdentifier>
    </Filter>
    <Filter Include="Source Files\Graphics\Renderer">
      <UniqueIdentifier>{e09474f8-8b49-4bc5-b4f8-6ff8c9d87f61}</UniqueIdentifier>
    </Filter>
    <Filter Include="Source Files\ResourceManager">
      <UniqueIdentifier>{c92855d6-8a4e-448a-8d7a-c089beb9145c}</UniqueIdentifier>
    </Filter>
    <Filter Include="Header Files\Core\Debug">
      <UniqueIdentifier>{9fe7be19-b60f-40ea-8bb8-01cdf36dd330}</UniqueIdentifier>
    </Filter>
    <Filter Include="Source Files\Core\Debug">
      <UniqueIdentifier>{858daae3-f0ec-49e4-b76c-05b79677c916}</UniqueIdentifier>
    </Filter>
    <Filter Include="Header Files\Graphics\Device">
      <UniqueIdentifier>{d743986d-0856-4020-a1a3-46b9cc622ecb}</UniqueIdentifier>
    </Filter>
    <Filter Include="Source Files\Graphics\Device">
      <UniqueIdentifier>{660be1b0-2868-4187-ba34-40312544a359}</UniqueIdentifier>
    </Filter>
    <Filter Include="Header Files\Engine">
      <UniqueIdentifier>{40174f76-535a-4f55-98e7-cfaa24cdf15b}</UniqueIdentifier>
    </Filter>
    <Filter Include="Source Files\Engine">
      <UniqueIdentifier>{f3417384-84dd-4461-8688-029dc0ff5d34}</UniqueIdentifier>
    </Filter>
    <Filter Include="Header Files\ResourceManager">
      <UniqueIdentifier>{0710795e-03ee-4ef0-94be-5f246debb47a}</UniqueIdentifier>
    </Filter>
    <Filter Include="Header Files\ResourceManager\Texture">
      <UniqueIdentifier>{7bebf7fb-1862-45b2-b069-7c5b1479d8b6}</UniqueIdentifier>
    </Filter>
    <Filter Include="Source Files\ResourceManager\Texture">
      <UniqueIdentifier>{c5ca6e59-115e-4980-bf79-e267882ab430}</UniqueIdentifier>
    </Filter>
    <Filter Include="Source Files\Graphics\Object">
      <UniqueIdentifier>{1e5df92c-e828-4393-a60b-e98d2f61d888}</UniqueIdentifier>
    </Filter>
    <Filter Include="Source Files\Graphics\Shader">
      <UniqueIdentifier>{030d19f1-44a2-41ce-86e0-0619d311dc89}</UniqueIdentifier>
    </Filter>
    <Filter Include="Header Files\Graphics\Object">
      <UniqueIdentifier>{b16c34d6-b973-42a7-90e8-142191610b55}</UniqueIdentifier>
    </Filter>
    <Filter Include="Header Files\Graphics\Shader">
      <UniqueIdentifier>{ce661392-408e-4ca9-811d-9ec6fda3af15}</UniqueIdentifier>
    </Filter>
  </ItemGroup>
  <ItemGroup>
    <None Include="Graphics\Shader\DirectXTest.fxh">
      <Filter>Shader</Filter>
    </None>
    <None Include="Graphics\Shader\sprite.frag">
      <Filter>Shader</Filter>
    </None>
    <None Include="Graphics\Shader\sprite.vert">
      <Filter>Shader</Filter>
    </None>
  </ItemGroup>
  <ItemGroup>
    <ResourceCompile Include="Graphics\Shader\DirectXTest.rc">
      <Filter>Resource Files</Filter>
    </ResourceCompile>
  </ItemGroup>
</Project>