<?xml version="1.0" encoding="utf-8"?>
<Project ToolsVersion="4.0" xmlns="http://schemas.microsoft.com/developer/msbuild/2003">
  <ItemGroup>
    <Filter Include="소스 파일">
      <UniqueIdentifier>{4FC737F1-C7A5-4376-A066-2A32D752A2FF}</UniqueIdentifier>
      <Extensions>cpp;c;cc;cxx;c++;cppm;ixx;def;odl;idl;hpj;bat;asm;asmx</Extensions>
    </Filter>
    <Filter Include="헤더 파일">
      <UniqueIdentifier>{93995380-89BD-4b04-88EB-625FBE52EBFB}</UniqueIdentifier>
      <Extensions>h;hh;hpp;hxx;h++;hm;inl;inc;ipp;xsd</Extensions>
    </Filter>
    <Filter Include="리소스 파일">
      <UniqueIdentifier>{67DA6AB6-F800-4c08-8B7A-83BB121AAD01}</UniqueIdentifier>
      <Extensions>rc;ico;cur;bmp;dlg;rc2;rct;bin;rgs;gif;jpg;jpeg;jpe;resx;tiff;tif;png;wav;mfcribbon-ms</Extensions>
    </Filter>
    <Filter Include="헤더 파일\DirectX">
      <UniqueIdentifier>{11600ac3-cb15-4fac-bc62-60cc3ab8e069}</UniqueIdentifier>
    </Filter>
    <Filter Include="소스 파일\DirectX">
      <UniqueIdentifier>{031d45d6-3196-4d1b-b253-b9e688186143}</UniqueIdentifier>
    </Filter>
  </ItemGroup>
  <ItemGroup>
    <ClCompile Include="Private\CaveEditor.cpp">
      <Filter>소스 파일</Filter>
    </ClCompile>
    <ClCompile Include="Private\CaveEditorDoc.cpp">
      <Filter>소스 파일</Filter>
    </ClCompile>
    <ClCompile Include="Private\CaveEditorView.cpp">
      <Filter>소스 파일</Filter>
    </ClCompile>
    <ClCompile Include="Private\MainFrm.cpp">
      <Filter>소스 파일</Filter>
    </ClCompile>
    <ClCompile Include="Private\pch.cpp">
      <Filter>소스 파일</Filter>
    </ClCompile>
    <ClCompile Include="Private\DirectX\Squere.cpp">
      <Filter>소스 파일\DirectX</Filter>
    </ClCompile>
    <ClCompile Include="Private\DirectX\TextureClass.cpp">
      <Filter>소스 파일\DirectX</Filter>
    </ClCompile>
    <ClCompile Include="Private\DirectX\TextureShaderClass.cpp">
      <Filter>소스 파일\DirectX</Filter>
    </ClCompile>
    <ClCompile Include="Private\DirectX\WICTextureLoader11.cpp">
      <Filter>소스 파일\DirectX</Filter>
    </ClCompile>
    <ClCompile Include="Private\DirectX\BitmapClass.cpp">
      <Filter>소스 파일\DirectX</Filter>
    </ClCompile>
    <ClCompile Include="Private\DirectX\CameraClass.cpp">
      <Filter>소스 파일\DirectX</Filter>
    </ClCompile>
    <ClCompile Include="Private\DirectX\ColorShaderClass.cpp">
      <Filter>소스 파일\DirectX</Filter>
    </ClCompile>
    <ClCompile Include="Private\DirectX\D3DClass.cpp">
      <Filter>소스 파일\DirectX</Filter>
    </ClCompile>
    <ClCompile Include="Private\DirectX\DDSTextureLoader.cpp">
      <Filter>소스 파일\DirectX</Filter>
    </ClCompile>
    <ClCompile Include="Private\DirectX\GraphicsClass.cpp">
      <Filter>소스 파일\DirectX</Filter>
    </ClCompile>
    <ClCompile Include="Private\DirectX\InputClass.cpp">
      <Filter>소스 파일\DirectX</Filter>
    </ClCompile>
    <ClCompile Include="Private\DirectX\ModelClass.cpp">
      <Filter>소스 파일\DirectX</Filter>
    </ClCompile>
    <ClCompile Include="Private\ListBoxFormView.cpp">
      <Filter>소스 파일</Filter>
    </ClCompile>
    <ClCompile Include="Private\DirectXView.cpp">
      <Filter>소스 파일</Filter>
    </ClCompile>
    <ClCompile Include="ObjectInfoDlg.cpp">
      <Filter>소스 파일</Filter>
    </ClCompile>
  </ItemGroup>
  <ItemGroup>
    <ClInclude Include="Public\targetver.h">
      <Filter>헤더 파일</Filter>
    </ClInclude>
    <ClInclude Include="Public\CaveEditor.h">
      <Filter>헤더 파일</Filter>
    </ClInclude>
    <ClInclude Include="Public\CaveEditorDoc.h">
      <Filter>헤더 파일</Filter>
    </ClInclude>
    <ClInclude Include="Public\CaveEditorView.h">
      <Filter>헤더 파일</Filter>
    </ClInclude>
    <ClInclude Include="Public\framework.h">
      <Filter>헤더 파일</Filter>
    </ClInclude>
    <ClInclude Include="Public\MainFrm.h">
      <Filter>헤더 파일</Filter>
    </ClInclude>
    <ClInclude Include="Public\pch.h">
      <Filter>헤더 파일</Filter>
    </ClInclude>
    <ClInclude Include="Public\DirectX\TextureShaderClass.h">
      <Filter>헤더 파일\DirectX</Filter>
    </ClInclude>
    <ClInclude Include="Public\DirectX\WICTextureLoader11.h">
      <Filter>헤더 파일\DirectX</Filter>
    </ClInclude>
    <ClInclude Include="Public\DirectX\AlignedAllocationPolicy.h">
      <Filter>헤더 파일\DirectX</Filter>
    </ClInclude>
    <ClInclude Include="Public\DirectX\BitmapClass.h">
      <Filter>헤더 파일\DirectX</Filter>
    </ClInclude>
    <ClInclude Include="Public\DirectX\CameraClass.h">
      <Filter>헤더 파일\DirectX</Filter>
    </ClInclude>
    <ClInclude Include="Public\DirectX\ColorShaderClass.h">
      <Filter>헤더 파일\DirectX</Filter>
    </ClInclude>
    <ClInclude Include="Public\DirectX\D3DClass.h">
      <Filter>헤더 파일\DirectX</Filter>
    </ClInclude>
    <ClInclude Include="Public\DirectX\DDSTextureLoader.h">
      <Filter>헤더 파일\DirectX</Filter>
    </ClInclude>
    <ClInclude Include="Public\DirectX\GraphicsClass.h">
      <Filter>헤더 파일\DirectX</Filter>
    </ClInclude>
    <ClInclude Include="Public\DirectX\InputClass.h">
      <Filter>헤더 파일\DirectX</Filter>
    </ClInclude>
    <ClInclude Include="Public\DirectX\ModelClass.h">
      <Filter>헤더 파일\DirectX</Filter>
    </ClInclude>
    <ClInclude Include="Public\DirectX\Squere.h">
      <Filter>헤더 파일\DirectX</Filter>
    </ClInclude>
    <ClInclude Include="Public\DirectX\TextureClass.h">
      <Filter>헤더 파일\DirectX</Filter>
    </ClInclude>
    <ClInclude Include="Public\ListBoxFormView.h">
      <Filter>헤더 파일</Filter>
    </ClInclude>
    <ClInclude Include="Resource\resource.h">
      <Filter>헤더 파일</Filter>
    </ClInclude>
    <ClInclude Include="Public\DirectXView.h">
      <Filter>헤더 파일</Filter>
    </ClInclude>
    <ClInclude Include="ObjectInfoDlg.h">
      <Filter>헤더 파일</Filter>
    </ClInclude>
  </ItemGroup>
  <ItemGroup>
    <Image Include="Resource\userimages.bmp">
      <Filter>리소스 파일</Filter>
    </Image>
    <Image Include="Resource\CaveEditor.ico">
      <Filter>리소스 파일</Filter>
    </Image>
    <Image Include="Resource\CaveEditorDoc.ico">
      <Filter>리소스 파일</Filter>
    </Image>
    <Image Include="Resource\Toolbar.bmp">
      <Filter>리소스 파일</Filter>
    </Image>
    <Image Include="Resource\Toolbar256.bmp">
      <Filter>리소스 파일</Filter>
    </Image>
  </ItemGroup>
  <ItemGroup>
    <ResourceCompile Include="Resource\CaveEditor.rc">
      <Filter>리소스 파일</Filter>
    </ResourceCompile>
  </ItemGroup>
  <ItemGroup>
    <None Include="Resource\CaveEditor.rc2">
      <Filter>리소스 파일</Filter>
    </None>
    <None Include="texture.ps">
      <Filter>소스 파일</Filter>
    </None>
    <None Include="texture.vs">
      <Filter>소스 파일</Filter>
    </None>
  </ItemGroup>
</Project>