
Microsoft Visual Studio Solution File, Format Version 12.00
# Visual Studio Version 16
VisualStudioVersion = 16.0.31424.327
MinimumVisualStudioVersion = 10.0.40219.1
Project("{8BC9CEB8-8B4A-11D0-8D11-00A0C91BC942}") = "BSP2", "BSP2.vcxproj", "{FD24F738-A72A-487C-9657-B07CBFCFE35F}"
EndProject
Global
	GlobalSection(SolutionConfigurationPlatforms) = preSolution
		Debug|x64 = Debug|x64
		Debug|x86 = Debug|x86
		Release|x64 = Release|x64
		Release|x86 = Release|x86
	EndGlobalSection
	GlobalSection(ProjectConfigurationPlatforms) = postSolution
		{FD24F738-A72A-487C-9657-B07CBFCFE35F}.Debug|x64.ActiveCfg = Debug|x64
		{FD24F738-A72A-487C-9657-B07CBFCFE35F}.Debug|x64.Build.0 = Debug|x64
		{FD24F738-A72A-487C-9657-B07CBFCFE35F}.Debug|x86.ActiveCfg = Debug|Win32
		{FD24F738-A72A-487C-9657-B07CBFCFE35F}.Debug|x86.Build.0 = Debug|Win32
		{FD24F738-A72A-487C-9657-B07CBFCFE35F}.Release|x64.ActiveCfg = Release|x64
		{FD24F738-A72A-487C-9657-B07CBFCFE35F}.Release|x64.Build.0 = Release|x64
		{FD24F738-A72A-487C-9657-B07CBFCFE35F}.Release|x86.ActiveCfg = Release|Win32
		{FD24F738-A72A-487C-9657-B07CBFCFE35F}.Release|x86.Build.0 = Release|Win32
	EndGlobalSection
	GlobalSection(SolutionProperties) = preSolution
		HideSolutionNode = FALSE
	EndGlobalSection
	GlobalSection(ExtensibilityGlobals) = postSolution
		SolutionGuid = {64BD6B83-5CCD-4C6C-BFF7-85A62DD9D877}
	EndGlobalSection
EndGlobal
